
Microsoft Visual Studio Solution File, Format Version 12.00
# Visual Studio Version 17
VisualStudioVersion = 17.7.34024.191
MinimumVisualStudioVersion = 10.0.40219.1
Project("{FAE04EC0-301F-11D3-BF4B-00C04F79EFBC}") = "Example.WcfProject", "Example.WcfProject\Example.WcfProject.csproj", "{40866F99-2220-4665-8D96-7B84F7371CE0}"
EndProject
Global
	GlobalSection(SolutionConfigurationPlatforms) = preSolution
		Debug|Any CPU = Debug|Any CPU
		Release|Any CPU = Release|Any CPU
	EndGlobalSection
	GlobalSection(ProjectConfigurationPlatforms) = postSolution
		{40866F99-2220-4665-8D96-7B84F7371CE0}.Debug|Any CPU.ActiveCfg = Debug|Any CPU
		{40866F99-2220-4665-8D96-7B84F7371CE0}.Debug|Any CPU.Build.0 = Debug|Any CPU
		{40866F99-2220-4665-8D96-7B84F7371CE0}.Release|Any CPU.ActiveCfg = Release|Any CPU
		{40866F99-2220-4665-8D96-7B84F7371CE0}.Release|Any CPU.Build.0 = Release|Any CPU
	EndGlobalSection
	GlobalSection(SolutionProperties) = preSolution
		HideSolutionNode = FALSE
	EndGlobalSection
	GlobalSection(ExtensibilityGlobals) = postSolution
		SolutionGuid = {98E664AC-F981-4D92-9E23-E98132928A03}
	EndGlobalSection
EndGlobal
